
Microsoft Visual Studio Solution File, Format Version 12.00
# Visual Studio 15
VisualStudioVersion = 15.0.27004.2009
MinimumVisualStudioVersion = 10.0.40219.1
Project("{D954291E-2A0B-460D-934E-DC6B0785DB48}") = "OptionsCalculator", "OptionsCalculator\OptionsCalculator\OptionsCalculator.shproj", "{765366EE-20A1-477F-80C2-E1B703084398}"
EndProject
Project("{FAE04EC0-301F-11D3-BF4B-00C04F79EFBC}") = "OptionsCalculator.Android", "OptionsCalculator\OptionsCalculator.Android\OptionsCalculator.Android.csproj", "{F53EA86A-5FB3-4B54-90A3-7B681F88E18B}"
EndProject
Project("{FAE04EC0-301F-11D3-BF4B-00C04F79EFBC}") = "OptionsCalculator.iOS", "OptionsCalculator\OptionsCalculator.iOS\OptionsCalculator.iOS.csproj", "{170D2311-FE82-42CC-B579-6AABA23BB2A6}"
EndProject
Project("{FAE04EC0-301F-11D3-BF4B-00C04F79EFBC}") = "OptionsCalculator.UWP", "OptionsCalculator\OptionsCalculator.UWP\OptionsCalculator.UWP.csproj", "{8E37E8BB-3755-4D66-9A29-1BC5952D936A}"
EndProject
Global
	GlobalSection(SharedMSBuildProjectFiles) = preSolution
		OptionsCalculator\OptionsCalculator\OptionsCalculator.projitems*{170d2311-fe82-42cc-b579-6aaba23bb2a6}*SharedItemsImports = 4
		OptionsCalculator\OptionsCalculator\OptionsCalculator.projitems*{765366ee-20a1-477f-80c2-e1b703084398}*SharedItemsImports = 13
		OptionsCalculator\OptionsCalculator\OptionsCalculator.projitems*{f53ea86a-5fb3-4b54-90a3-7b681f88e18b}*SharedItemsImports = 4
	EndGlobalSection
	GlobalSection(SolutionConfigurationPlatforms) = preSolution
		Ad-Hoc|Any CPU = Ad-Hoc|Any CPU
		Ad-Hoc|ARM = Ad-Hoc|ARM
		Ad-Hoc|iPhone = Ad-Hoc|iPhone
		Ad-Hoc|iPhoneSimulator = Ad-Hoc|iPhoneSimulator
		Ad-Hoc|x64 = Ad-Hoc|x64
		Ad-Hoc|x86 = Ad-Hoc|x86
		AppStore|Any CPU = AppStore|Any CPU
		AppStore|ARM = AppStore|ARM
		AppStore|iPhone = AppStore|iPhone
		AppStore|iPhoneSimulator = AppStore|iPhoneSimulator
		AppStore|x64 = AppStore|x64
		AppStore|x86 = AppStore|x86
		Debug|Any CPU = Debug|Any CPU
		Debug|ARM = Debug|ARM
		Debug|iPhone = Debug|iPhone
		Debug|iPhoneSimulator = Debug|iPhoneSimulator
		Debug|x64 = Debug|x64
		Debug|x86 = Debug|x86
		Release|Any CPU = Release|Any CPU
		Release|ARM = Release|ARM
		Release|iPhone = Release|iPhone
		Release|iPhoneSimulator = Release|iPhoneSimulator
		Release|x64 = Release|x64
		Release|x86 = Release|x86
	EndGlobalSection
	GlobalSection(ProjectConfigurationPlatforms) = postSolution
		{F53EA86A-5FB3-4B54-90A3-7B681F88E18B}.Ad-Hoc|Any CPU.ActiveCfg = Release|Any CPU
		{F53EA86A-5FB3-4B54-90A3-7B681F88E18B}.Ad-Hoc|Any CPU.Build.0 = Release|Any CPU
		{F53EA86A-5FB3-4B54-90A3-7B681F88E18B}.Ad-Hoc|Any CPU.Deploy.0 = Release|Any CPU
		{F53EA86A-5FB3-4B54-90A3-7B681F88E18B}.Ad-Hoc|ARM.ActiveCfg = Release|Any CPU
		{F53EA86A-5FB3-4B54-90A3-7B681F88E18B}.Ad-Hoc|ARM.Build.0 = Release|Any CPU
		{F53EA86A-5FB3-4B54-90A3-7B681F88E18B}.Ad-Hoc|ARM.Deploy.0 = Release|Any CPU
		{F53EA86A-5FB3-4B54-90A3-7B681F88E18B}.Ad-Hoc|iPhone.ActiveCfg = Release|Any CPU
		{F53EA86A-5FB3-4B54-90A3-7B681F88E18B}.Ad-Hoc|iPhone.Build.0 = Release|Any CPU
		{F53EA86A-5FB3-4B54-90A3-7B681F88E18B}.Ad-Hoc|iPhone.Deploy.0 = Release|Any CPU
		{F53EA86A-5FB3-4B54-90A3-7B681F88E18B}.Ad-Hoc|iPhoneSimulator.ActiveCfg = Release|Any CPU
		{F53EA86A-5FB3-4B54-90A3-7B681F88E18B}.Ad-Hoc|iPhoneSimulator.Build.0 = Release|Any CPU
		{F53EA86A-5FB3-4B54-90A3-7B681F88E18B}.Ad-Hoc|iPhoneSimulator.Deploy.0 = Release|Any CPU
		{F53EA86A-5FB3-4B54-90A3-7B681F88E18B}.Ad-Hoc|x64.ActiveCfg = Release|Any CPU
		{F53EA86A-5FB3-4B54-90A3-7B681F88E18B}.Ad-Hoc|x64.Build.0 = Release|Any CPU
		{F53EA86A-5FB3-4B54-90A3-7B681F88E18B}.Ad-Hoc|x64.Deploy.0 = Release|Any CPU
		{F53EA86A-5FB3-4B54-90A3-7B681F88E18B}.Ad-Hoc|x86.ActiveCfg = Release|Any CPU
		{F53EA86A-5FB3-4B54-90A3-7B681F88E18B}.Ad-Hoc|x86.Build.0 = Release|Any CPU
		{F53EA86A-5FB3-4B54-90A3-7B681F88E18B}.Ad-Hoc|x86.Deploy.0 = Release|Any CPU
		{F53EA86A-5FB3-4B54-90A3-7B681F88E18B}.AppStore|Any CPU.ActiveCfg = Release|Any CPU
		{F53EA86A-5FB3-4B54-90A3-7B681F88E18B}.AppStore|Any CPU.Build.0 = Release|Any CPU
		{F53EA86A-5FB3-4B54-90A3-7B681F88E18B}.AppStore|Any CPU.Deploy.0 = Release|Any CPU
		{F53EA86A-5FB3-4B54-90A3-7B681F88E18B}.AppStore|ARM.ActiveCfg = Release|Any CPU
		{F53EA86A-5FB3-4B54-90A3-7B681F88E18B}.AppStore|ARM.Build.0 = Release|Any CPU
		{F53EA86A-5FB3-4B54-90A3-7B681F88E18B}.AppStore|ARM.Deploy.0 = Release|Any CPU
		{F53EA86A-5FB3-4B54-90A3-7B681F88E18B}.AppStore|iPhone.ActiveCfg = Release|Any CPU
		{F53EA86A-5FB3-4B54-90A3-7B681F88E18B}.AppStore|iPhone.Build.0 = Release|Any CPU
		{F53EA86A-5FB3-4B54-90A3-7B681F88E18B}.AppStore|iPhone.Deploy.0 = Release|Any CPU
		{F53EA86A-5FB3-4B54-90A3-7B681F88E18B}.AppStore|iPhoneSimulator.ActiveCfg = Release|Any CPU
		{F53EA86A-5FB3-4B54-90A3-7B681F88E18B}.AppStore|iPhoneSimulator.Build.0 = Release|Any CPU
		{F53EA86A-5FB3-4B54-90A3-7B681F88E18B}.AppStore|iPhoneSimulator.Deploy.0 = Release|Any CPU
		{F53EA86A-5FB3-4B54-90A3-7B681F88E18B}.AppStore|x64.ActiveCfg = Release|Any CPU
		{F53EA86A-5FB3-4B54-90A3-7B681F88E18B}.AppStore|x64.Build.0 = Release|Any CPU
		{F53EA86A-5FB3-4B54-90A3-7B681F88E18B}.AppStore|x64.Deploy.0 = Release|Any CPU
		{F53EA86A-5FB3-4B54-90A3-7B681F88E18B}.AppStore|x86.ActiveCfg = Release|Any CPU
		{F53EA86A-5FB3-4B54-90A3-7B681F88E18B}.AppStore|x86.Build.0 = Release|Any CPU
		{F53EA86A-5FB3-4B54-90A3-7B681F88E18B}.AppStore|x86.Deploy.0 = Release|Any CPU
		{F53EA86A-5FB3-4B54-90A3-7B681F88E18B}.Debug|Any CPU.ActiveCfg = Debug|Any CPU
		{F53EA86A-5FB3-4B54-90A3-7B681F88E18B}.Debug|Any CPU.Build.0 = Debug|Any CPU
		{F53EA86A-5FB3-4B54-90A3-7B681F88E18B}.Debug|Any CPU.Deploy.0 = Debug|Any CPU
		{F53EA86A-5FB3-4B54-90A3-7B681F88E18B}.Debug|ARM.ActiveCfg = Debug|Any CPU
		{F53EA86A-5FB3-4B54-90A3-7B681F88E18B}.Debug|ARM.Build.0 = Debug|Any CPU
		{F53EA86A-5FB3-4B54-90A3-7B681F88E18B}.Debug|ARM.Deploy.0 = Debug|Any CPU
		{F53EA86A-5FB3-4B54-90A3-7B681F88E18B}.Debug|iPhone.ActiveCfg = Debug|Any CPU
		{F53EA86A-5FB3-4B54-90A3-7B681F88E18B}.Debug|iPhone.Build.0 = Debug|Any CPU
		{F53EA86A-5FB3-4B54-90A3-7B681F88E18B}.Debug|iPhone.Deploy.0 = Debug|Any CPU
		{F53EA86A-5FB3-4B54-90A3-7B681F88E18B}.Debug|iPhoneSimulator.ActiveCfg = Debug|Any CPU
		{F53EA86A-5FB3-4B54-90A3-7B681F88E18B}.Debug|iPhoneSimulator.Build.0 = Debug|Any CPU
		{F53EA86A-5FB3-4B54-90A3-7B681F88E18B}.Debug|iPhoneSimulator.Deploy.0 = Debug|Any CPU
		{F53EA86A-5FB3-4B54-90A3-7B681F88E18B}.Debug|x64.ActiveCfg = Debug|Any CPU
		{F53EA86A-5FB3-4B54-90A3-7B681F88E18B}.Debug|x64.Build.0 = Debug|Any CPU
		{F53EA86A-5FB3-4B54-90A3-7B681F88E18B}.Debug|x64.Deploy.0 = Debug|Any CPU
		{F53EA86A-5FB3-4B54-90A3-7B681F88E18B}.Debug|x86.ActiveCfg = Debug|Any CPU
		{F53EA86A-5FB3-4B54-90A3-7B681F88E18B}.Debug|x86.Build.0 = Debug|Any CPU
		{F53EA86A-5FB3-4B54-90A3-7B681F88E18B}.Debug|x86.Deploy.0 = Debug|Any CPU
		{F53EA86A-5FB3-4B54-90A3-7B681F88E18B}.Release|Any CPU.ActiveCfg = Release|Any CPU
		{F53EA86A-5FB3-4B54-90A3-7B681F88E18B}.Release|Any CPU.Build.0 = Release|Any CPU
		{F53EA86A-5FB3-4B54-90A3-7B681F88E18B}.Release|Any CPU.Deploy.0 = Release|Any CPU
		{F53EA86A-5FB3-4B54-90A3-7B681F88E18B}.Release|ARM.ActiveCfg = Release|Any CPU
		{F53EA86A-5FB3-4B54-90A3-7B681F88E18B}.Release|ARM.Build.0 = Release|Any CPU
		{F53EA86A-5FB3-4B54-90A3-7B681F88E18B}.Release|ARM.Deploy.0 = Release|Any CPU
		{F53EA86A-5FB3-4B54-90A3-7B681F88E18B}.Release|iPhone.ActiveCfg = Release|Any CPU
		{F53EA86A-5FB3-4B54-90A3-7B681F88E18B}.Release|iPhone.Build.0 = Release|Any CPU
		{F53EA86A-5FB3-4B54-90A3-7B681F88E18B}.Release|iPhone.Deploy.0 = Release|Any CPU
		{F53EA86A-5FB3-4B54-90A3-7B681F88E18B}.Release|iPhoneSimulator.ActiveCfg = Release|Any CPU
		{F53EA86A-5FB3-4B54-90A3-7B681F88E18B}.Release|iPhoneSimulator.Build.0 = Release|Any CPU
		{F53EA86A-5FB3-4B54-90A3-7B681F88E18B}.Release|iPhoneSimulator.Deploy.0 = Release|Any CPU
		{F53EA86A-5FB3-4B54-90A3-7B681F88E18B}.Release|x64.ActiveCfg = Release|Any CPU
		{F53EA86A-5FB3-4B54-90A3-7B681F88E18B}.Release|x64.Build.0 = Release|Any CPU
		{F53EA86A-5FB3-4B54-90A3-7B681F88E18B}.Release|x64.Deploy.0 = Release|Any CPU
		{F53EA86A-5FB3-4B54-90A3-7B681F88E18B}.Release|x86.ActiveCfg = Release|Any CPU
		{F53EA86A-5FB3-4B54-90A3-7B681F88E18B}.Release|x86.Build.0 = Release|Any CPU
		{F53EA86A-5FB3-4B54-90A3-7B681F88E18B}.Release|x86.Deploy.0 = Release|Any CPU
		{170D2311-FE82-42CC-B579-6AABA23BB2A6}.Ad-Hoc|Any CPU.ActiveCfg = Ad-Hoc|iPhoneSimulator
		{170D2311-FE82-42CC-B579-6AABA23BB2A6}.Ad-Hoc|ARM.ActiveCfg = Ad-Hoc|iPhone
		{170D2311-FE82-42CC-B579-6AABA23BB2A6}.Ad-Hoc|iPhone.ActiveCfg = Ad-Hoc|iPhone
		{170D2311-FE82-42CC-B579-6AABA23BB2A6}.Ad-Hoc|iPhone.Build.0 = Ad-Hoc|iPhone
		{170D2311-FE82-42CC-B579-6AABA23BB2A6}.Ad-Hoc|iPhoneSimulator.ActiveCfg = Ad-Hoc|iPhoneSimulator
		{170D2311-FE82-42CC-B579-6AABA23BB2A6}.Ad-Hoc|iPhoneSimulator.Build.0 = Ad-Hoc|iPhoneSimulator
		{170D2311-FE82-42CC-B579-6AABA23BB2A6}.Ad-Hoc|x64.ActiveCfg = Ad-Hoc|iPhone
		{170D2311-FE82-42CC-B579-6AABA23BB2A6}.Ad-Hoc|x86.ActiveCfg = Ad-Hoc|iPhone
		{170D2311-FE82-42CC-B579-6AABA23BB2A6}.AppStore|Any CPU.ActiveCfg = AppStore|iPhoneSimulator
		{170D2311-FE82-42CC-B579-6AABA23BB2A6}.AppStore|ARM.ActiveCfg = AppStore|iPhone
		{170D2311-FE82-42CC-B579-6AABA23BB2A6}.AppStore|iPhone.ActiveCfg = AppStore|iPhone
		{170D2311-FE82-42CC-B579-6AABA23BB2A6}.AppStore|iPhone.Build.0 = AppStore|iPhone
		{170D2311-FE82-42CC-B579-6AABA23BB2A6}.AppStore|iPhoneSimulator.ActiveCfg = AppStore|iPhoneSimulator
		{170D2311-FE82-42CC-B579-6AABA23BB2A6}.AppStore|iPhoneSimulator.Build.0 = AppStore|iPhoneSimulator
		{170D2311-FE82-42CC-B579-6AABA23BB2A6}.AppStore|x64.ActiveCfg = AppStore|iPhone
		{170D2311-FE82-42CC-B579-6AABA23BB2A6}.AppStore|x86.ActiveCfg = AppStore|iPhone
		{170D2311-FE82-42CC-B579-6AABA23BB2A6}.Debug|Any CPU.ActiveCfg = Debug|iPhoneSimulator
		{170D2311-FE82-42CC-B579-6AABA23BB2A6}.Debug|ARM.ActiveCfg = Debug|iPhone
		{170D2311-FE82-42CC-B579-6AABA23BB2A6}.Debug|iPhone.ActiveCfg = Debug|iPhone
		{170D2311-FE82-42CC-B579-6AABA23BB2A6}.Debug|iPhone.Build.0 = Debug|iPhone
		{170D2311-FE82-42CC-B579-6AABA23BB2A6}.Debug|iPhoneSimulator.ActiveCfg = Debug|iPhoneSimulator
		{170D2311-FE82-42CC-B579-6AABA23BB2A6}.Debug|iPhoneSimulator.Build.0 = Debug|iPhoneSimulator
		{170D2311-FE82-42CC-B579-6AABA23BB2A6}.Debug|x64.ActiveCfg = Debug|iPhone
		{170D2311-FE82-42CC-B579-6AABA23BB2A6}.Debug|x86.ActiveCfg = Debug|iPhone
		{170D2311-FE82-42CC-B579-6AABA23BB2A6}.Release|Any CPU.ActiveCfg = Release|iPhoneSimulator
		{170D2311-FE82-42CC-B579-6AABA23BB2A6}.Release|ARM.ActiveCfg = Release|iPhone
		{170D2311-FE82-42CC-B579-6AABA23BB2A6}.Release|iPhone.ActiveCfg = Release|iPhone
		{170D2311-FE82-42CC-B579-6AABA23BB2A6}.Release|iPhone.Build.0 = Release|iPhone
		{170D2311-FE82-42CC-B579-6AABA23BB2A6}.Release|iPhoneSimulator.ActiveCfg = Release|iPhoneSimulator
		{170D2311-FE82-42CC-B579-6AABA23BB2A6}.Release|iPhoneSimulator.Build.0 = Release|iPhoneSimulator
		{170D2311-FE82-42CC-B579-6AABA23BB2A6}.Release|x64.ActiveCfg = Release|iPhone
		{170D2311-FE82-42CC-B579-6AABA23BB2A6}.Release|x86.ActiveCfg = Release|iPhone
		{8E37E8BB-3755-4D66-9A29-1BC5952D936A}.Ad-Hoc|Any CPU.ActiveCfg = Release|x86
		{8E37E8BB-3755-4D66-9A29-1BC5952D936A}.Ad-Hoc|Any CPU.Build.0 = Release|x86
		{8E37E8BB-3755-4D66-9A29-1BC5952D936A}.Ad-Hoc|Any CPU.Deploy.0 = Release|x86
		{8E37E8BB-3755-4D66-9A29-1BC5952D936A}.Ad-Hoc|ARM.ActiveCfg = Release|ARM
		{8E37E8BB-3755-4D66-9A29-1BC5952D936A}.Ad-Hoc|ARM.Build.0 = Release|ARM
		{8E37E8BB-3755-4D66-9A29-1BC5952D936A}.Ad-Hoc|ARM.Deploy.0 = Release|ARM
		{8E37E8BB-3755-4D66-9A29-1BC5952D936A}.Ad-Hoc|iPhone.ActiveCfg = Release|x86
		{8E37E8BB-3755-4D66-9A29-1BC5952D936A}.Ad-Hoc|iPhone.Build.0 = Release|x86
		{8E37E8BB-3755-4D66-9A29-1BC5952D936A}.Ad-Hoc|iPhone.Deploy.0 = Release|x86
		{8E37E8BB-3755-4D66-9A29-1BC5952D936A}.Ad-Hoc|iPhoneSimulator.ActiveCfg = Release|x86
		{8E37E8BB-3755-4D66-9A29-1BC5952D936A}.Ad-Hoc|iPhoneSimulator.Build.0 = Release|x86
		{8E37E8BB-3755-4D66-9A29-1BC5952D936A}.Ad-Hoc|iPhoneSimulator.Deploy.0 = Release|x86
		{8E37E8BB-3755-4D66-9A29-1BC5952D936A}.Ad-Hoc|x64.ActiveCfg = Release|x64
		{8E37E8BB-3755-4D66-9A29-1BC5952D936A}.Ad-Hoc|x64.Build.0 = Release|x64
		{8E37E8BB-3755-4D66-9A29-1BC5952D936A}.Ad-Hoc|x64.Deploy.0 = Release|x64
		{8E37E8BB-3755-4D66-9A29-1BC5952D936A}.Ad-Hoc|x86.ActiveCfg = Release|x86
		{8E37E8BB-3755-4D66-9A29-1BC5952D936A}.Ad-Hoc|x86.Build.0 = Release|x86
		{8E37E8BB-3755-4D66-9A29-1BC5952D936A}.Ad-Hoc|x86.Deploy.0 = Release|x86
		{8E37E8BB-3755-4D66-9A29-1BC5952D936A}.AppStore|Any CPU.ActiveCfg = Release|x86
		{8E37E8BB-3755-4D66-9A29-1BC5952D936A}.AppStore|Any CPU.Build.0 = Release|x86
		{8E37E8BB-3755-4D66-9A29-1BC5952D936A}.AppStore|Any CPU.Deploy.0 = Release|x86
		{8E37E8BB-3755-4D66-9A29-1BC5952D936A}.AppStore|ARM.ActiveCfg = Release|ARM
		{8E37E8BB-3755-4D66-9A29-1BC5952D936A}.AppStore|ARM.Build.0 = Release|ARM
		{8E37E8BB-3755-4D66-9A29-1BC5952D936A}.AppStore|ARM.Deploy.0 = Release|ARM
		{8E37E8BB-3755-4D66-9A29-1BC5952D936A}.AppStore|iPhone.ActiveCfg = Release|x86
		{8E37E8BB-3755-4D66-9A29-1BC5952D936A}.AppStore|iPhone.Build.0 = Release|x86
		{8E37E8BB-3755-4D66-9A29-1BC5952D936A}.AppStore|iPhone.Deploy.0 = Release|x86
		{8E37E8BB-3755-4D66-9A29-1BC5952D936A}.AppStore|iPhoneSimulator.ActiveCfg = Release|x86
		{8E37E8BB-3755-4D66-9A29-1BC5952D936A}.AppStore|iPhoneSimulator.Build.0 = Release|x86
		{8E37E8BB-3755-4D66-9A29-1BC5952D936A}.AppStore|iPhoneSimulator.Deploy.0 = Release|x86
		{8E37E8BB-3755-4D66-9A29-1BC5952D936A}.AppStore|x64.ActiveCfg = Release|x64
		{8E37E8BB-3755-4D66-9A29-1BC5952D936A}.AppStore|x64.Build.0 = Release|x64
		{8E37E8BB-3755-4D66-9A29-1BC5952D936A}.AppStore|x64.Deploy.0 = Release|x64
		{8E37E8BB-3755-4D66-9A29-1BC5952D936A}.AppStore|x86.ActiveCfg = Release|x86
		{8E37E8BB-3755-4D66-9A29-1BC5952D936A}.AppStore|x86.Build.0 = Release|x86
		{8E37E8BB-3755-4D66-9A29-1BC5952D936A}.AppStore|x86.Deploy.0 = Release|x86
		{8E37E8BB-3755-4D66-9A29-1BC5952D936A}.Debug|Any CPU.ActiveCfg = Debug|x86
		{8E37E8BB-3755-4D66-9A29-1BC5952D936A}.Debug|ARM.ActiveCfg = Debug|ARM
		{8E37E8BB-3755-4D66-9A29-1BC5952D936A}.Debug|ARM.Build.0 = Debug|ARM
		{8E37E8BB-3755-4D66-9A29-1BC5952D936A}.Debug|ARM.Deploy.0 = Debug|ARM
		{8E37E8BB-3755-4D66-9A29-1BC5952D936A}.Debug|iPhone.ActiveCfg = Debug|x86
		{8E37E8BB-3755-4D66-9A29-1BC5952D936A}.Debug|iPhoneSimulator.ActiveCfg = Debug|x86
		{8E37E8BB-3755-4D66-9A29-1BC5952D936A}.Debug|x64.ActiveCfg = Debug|x64
		{8E37E8BB-3755-4D66-9A29-1BC5952D936A}.Debug|x64.Build.0 = Debug|x64
		{8E37E8BB-3755-4D66-9A29-1BC5952D936A}.Debug|x64.Deploy.0 = Debug|x64
		{8E37E8BB-3755-4D66-9A29-1BC5952D936A}.Debug|x86.ActiveCfg = Debug|x86
		{8E37E8BB-3755-4D66-9A29-1BC5952D936A}.Debug|x86.Build.0 = Debug|x86
		{8E37E8BB-3755-4D66-9A29-1BC5952D936A}.Debug|x86.Deploy.0 = Debug|x86
		{8E37E8BB-3755-4D66-9A29-1BC5952D936A}.Release|Any CPU.ActiveCfg = Release|x86
		{8E37E8BB-3755-4D66-9A29-1BC5952D936A}.Release|ARM.ActiveCfg = Release|ARM
		{8E37E8BB-3755-4D66-9A29-1BC5952D936A}.Release|ARM.Build.0 = Release|ARM
		{8E37E8BB-3755-4D66-9A29-1BC5952D936A}.Release|ARM.Deploy.0 = Release|ARM
		{8E37E8BB-3755-4D66-9A29-1BC5952D936A}.Release|iPhone.ActiveCfg = Release|x86
		{8E37E8BB-3755-4D66-9A29-1BC5952D936A}.Release|iPhoneSimulator.ActiveCfg = Release|x86
		{8E37E8BB-3755-4D66-9A29-1BC5952D936A}.Release|x64.ActiveCfg = Release|x64
		{8E37E8BB-3755-4D66-9A29-1BC5952D936A}.Release|x64.Build.0 = Release|x64
		{8E37E8BB-3755-4D66-9A29-1BC5952D936A}.Release|x64.Deploy.0 = Release|x64
		{8E37E8BB-3755-4D66-9A29-1BC5952D936A}.Release|x86.ActiveCfg = Release|x86
		{8E37E8BB-3755-4D66-9A29-1BC5952D936A}.Release|x86.Build.0 = Release|x86
		{8E37E8BB-3755-4D66-9A29-1BC5952D936A}.Release|x86.Deploy.0 = Release|x86
	EndGlobalSection
	GlobalSection(SolutionProperties) = preSolution
		HideSolutionNode = FALSE
	EndGlobalSection
	GlobalSection(ExtensibilityGlobals) = postSolution
		SolutionGuid = {BC7544CF-4C95-4C64-8590-F13873893497}
	EndGlobalSection
EndGlobal
